
Microsoft Visual Studio Solution File, Format Version 12.00
# Visual Studio 2012
Project("{FAE04EC0-301F-11D3-BF4B-00C04F79EFBC}") = "KAÇ YIL YAŞADIĞINI BULAN PROGRAM", "KAÇ YIL YAŞADIĞINI BULAN PROGRAM\KAÇ YIL YAŞADIĞINI BULAN PROGRAM.csproj", "{A2C9DD89-C06F-4CB6-9A8E-8311E59DE438}"
EndProject
Global
	GlobalSection(SolutionConfigurationPlatforms) = preSolution
		Debug|Any CPU = Debug|Any CPU
		Release|Any CPU = Release|Any CPU
	EndGlobalSection
	GlobalSection(ProjectConfigurationPlatforms) = postSolution
		{A2C9DD89-C06F-4CB6-9A8E-8311E59DE438}.Debug|Any CPU.ActiveCfg = Debug|Any CPU
		{A2C9DD89-C06F-4CB6-9A8E-8311E59DE438}.Debug|Any CPU.Build.0 = Debug|Any CPU
		{A2C9DD89-C06F-4CB6-9A8E-8311E59DE438}.Release|Any CPU.ActiveCfg = Release|Any CPU
		{A2C9DD89-C06F-4CB6-9A8E-8311E59DE438}.Release|Any CPU.Build.0 = Release|Any CPU
	EndGlobalSection
	GlobalSection(SolutionProperties) = preSolution
		HideSolutionNode = FALSE
	EndGlobalSection
EndGlobal
