
Microsoft Visual Studio Solution File, Format Version 12.00
# Visual Studio 2012
Project("{FAE04EC0-301F-11D3-BF4B-00C04F79EFBC}") = "ARİTMETİK İSİM YAZDIRMA", "ARİTMETİK İSİM YAZDIRMA\ARİTMETİK İSİM YAZDIRMA.csproj", "{4847FA34-3AE7-42F0-8BC6-A4ECE2911000}"
EndProject
Global
	GlobalSection(SolutionConfigurationPlatforms) = preSolution
		Debug|Any CPU = Debug|Any CPU
		Release|Any CPU = Release|Any CPU
	EndGlobalSection
	GlobalSection(ProjectConfigurationPlatforms) = postSolution
		{4847FA34-3AE7-42F0-8BC6-A4ECE2911000}.Debug|Any CPU.ActiveCfg = Debug|Any CPU
		{4847FA34-3AE7-42F0-8BC6-A4ECE2911000}.Debug|Any CPU.Build.0 = Debug|Any CPU
		{4847FA34-3AE7-42F0-8BC6-A4ECE2911000}.Release|Any CPU.ActiveCfg = Release|Any CPU
		{4847FA34-3AE7-42F0-8BC6-A4ECE2911000}.Release|Any CPU.Build.0 = Release|Any CPU
	EndGlobalSection
	GlobalSection(SolutionProperties) = preSolution
		HideSolutionNode = FALSE
	EndGlobalSection
EndGlobal
