
Microsoft Visual Studio Solution File, Format Version 12.00
# Visual Studio 2012
Project("{FAE04EC0-301F-11D3-BF4B-00C04F79EFBC}") = "2015-1-DON-1-NTP-YAZILIUYGULAMA", "2015-1-DON-1-NTP-YAZILIUYGULAMA\2015-1-DON-1-NTP-YAZILIUYGULAMA.csproj", "{B4AAA06B-9CC3-4CC1-938B-12BC22C21F5F}"
EndProject
Global
	GlobalSection(SolutionConfigurationPlatforms) = preSolution
		Debug|Any CPU = Debug|Any CPU
		Release|Any CPU = Release|Any CPU
	EndGlobalSection
	GlobalSection(ProjectConfigurationPlatforms) = postSolution
		{B4AAA06B-9CC3-4CC1-938B-12BC22C21F5F}.Debug|Any CPU.ActiveCfg = Debug|Any CPU
		{B4AAA06B-9CC3-4CC1-938B-12BC22C21F5F}.Debug|Any CPU.Build.0 = Debug|Any CPU
		{B4AAA06B-9CC3-4CC1-938B-12BC22C21F5F}.Release|Any CPU.ActiveCfg = Release|Any CPU
		{B4AAA06B-9CC3-4CC1-938B-12BC22C21F5F}.Release|Any CPU.Build.0 = Release|Any CPU
	EndGlobalSection
	GlobalSection(SolutionProperties) = preSolution
		HideSolutionNode = FALSE
	EndGlobalSection
EndGlobal
