
Microsoft Visual Studio Solution File, Format Version 12.00
# Visual Studio 2012
Project("{FAE04EC0-301F-11D3-BF4B-00C04F79EFBC}") = "ASKER PROGRAMI", "ASKER PROGRAMI\ASKER PROGRAMI.csproj", "{278EB75D-82A0-4A75-8687-C83B9DD275E4}"
EndProject
Global
	GlobalSection(SolutionConfigurationPlatforms) = preSolution
		Debug|Any CPU = Debug|Any CPU
		Release|Any CPU = Release|Any CPU
	EndGlobalSection
	GlobalSection(ProjectConfigurationPlatforms) = postSolution
		{278EB75D-82A0-4A75-8687-C83B9DD275E4}.Debug|Any CPU.ActiveCfg = Debug|Any CPU
		{278EB75D-82A0-4A75-8687-C83B9DD275E4}.Debug|Any CPU.Build.0 = Debug|Any CPU
		{278EB75D-82A0-4A75-8687-C83B9DD275E4}.Release|Any CPU.ActiveCfg = Release|Any CPU
		{278EB75D-82A0-4A75-8687-C83B9DD275E4}.Release|Any CPU.Build.0 = Release|Any CPU
	EndGlobalSection
	GlobalSection(SolutionProperties) = preSolution
		HideSolutionNode = FALSE
	EndGlobalSection
EndGlobal
