
Microsoft Visual Studio Solution File, Format Version 12.00
# Visual Studio 2012
Project("{FAE04EC0-301F-11D3-BF4B-00C04F79EFBC}") = "EKRAN GÖRÜNTÜSÜ ALMA PROGRAMI", "EKRAN GÖRÜNTÜSÜ ALMA PROGRAMI\EKRAN GÖRÜNTÜSÜ ALMA PROGRAMI.csproj", "{6AC1F380-9934-402F-92A0-A49ADB215091}"
EndProject
Global
	GlobalSection(SolutionConfigurationPlatforms) = preSolution
		Debug|Any CPU = Debug|Any CPU
		Release|Any CPU = Release|Any CPU
	EndGlobalSection
	GlobalSection(ProjectConfigurationPlatforms) = postSolution
		{6AC1F380-9934-402F-92A0-A49ADB215091}.Debug|Any CPU.ActiveCfg = Debug|Any CPU
		{6AC1F380-9934-402F-92A0-A49ADB215091}.Debug|Any CPU.Build.0 = Debug|Any CPU
		{6AC1F380-9934-402F-92A0-A49ADB215091}.Release|Any CPU.ActiveCfg = Release|Any CPU
		{6AC1F380-9934-402F-92A0-A49ADB215091}.Release|Any CPU.Build.0 = Release|Any CPU
	EndGlobalSection
	GlobalSection(SolutionProperties) = preSolution
		HideSolutionNode = FALSE
	EndGlobalSection
EndGlobal
