
Microsoft Visual Studio Solution File, Format Version 12.00
# Visual Studio 2012
Project("{FAE04EC0-301F-11D3-BF4B-00C04F79EFBC}") = "ConsoleApplication1", "ConsoleApplication1\ConsoleApplication1.csproj", "{C2DC9426-D6FD-4CBA-9901-CE287F5E6AC1}"
EndProject
Global
	GlobalSection(SolutionConfigurationPlatforms) = preSolution
		Debug|Any CPU = Debug|Any CPU
		Release|Any CPU = Release|Any CPU
	EndGlobalSection
	GlobalSection(ProjectConfigurationPlatforms) = postSolution
		{C2DC9426-D6FD-4CBA-9901-CE287F5E6AC1}.Debug|Any CPU.ActiveCfg = Debug|Any CPU
		{C2DC9426-D6FD-4CBA-9901-CE287F5E6AC1}.Debug|Any CPU.Build.0 = Debug|Any CPU
		{C2DC9426-D6FD-4CBA-9901-CE287F5E6AC1}.Release|Any CPU.ActiveCfg = Release|Any CPU
		{C2DC9426-D6FD-4CBA-9901-CE287F5E6AC1}.Release|Any CPU.Build.0 = Release|Any CPU
	EndGlobalSection
	GlobalSection(SolutionProperties) = preSolution
		HideSolutionNode = FALSE
	EndGlobalSection
EndGlobal
